
Microsoft Visual Studio Solution File, Format Version 12.00
# Visual Studio 15
VisualStudioVersion = 15.0.26124.0
MinimumVisualStudioVersion = 15.0.26124.0
Project("{FAE04EC0-301F-11D3-BF4B-00C04F79EFBC}") = "myTree", "myTree\myTree.csproj", "{98FDBEBB-4FD8-4F79-8437-4C292C26DF41}"
EndProject
Project("{FAE04EC0-301F-11D3-BF4B-00C04F79EFBC}") = "myTree.Tests", "myTree.Tests\myTree.Tests.csproj", "{D253DCEE-F287-4147-AF05-AF9BD5FBE84A}"
EndProject
Global
	GlobalSection(SolutionConfigurationPlatforms) = preSolution
		Debug|Any CPU = Debug|Any CPU
		Debug|x64 = Debug|x64
		Debug|x86 = Debug|x86
		Release|Any CPU = Release|Any CPU
		Release|x64 = Release|x64
		Release|x86 = Release|x86
	EndGlobalSection
	GlobalSection(SolutionProperties) = preSolution
		HideSolutionNode = FALSE
	EndGlobalSection
	GlobalSection(ProjectConfigurationPlatforms) = postSolution
		{98FDBEBB-4FD8-4F79-8437-4C292C26DF41}.Debug|Any CPU.ActiveCfg = Debug|Any CPU
		{98FDBEBB-4FD8-4F79-8437-4C292C26DF41}.Debug|Any CPU.Build.0 = Debug|Any CPU
		{98FDBEBB-4FD8-4F79-8437-4C292C26DF41}.Debug|x64.ActiveCfg = Debug|Any CPU
		{98FDBEBB-4FD8-4F79-8437-4C292C26DF41}.Debug|x64.Build.0 = Debug|Any CPU
		{98FDBEBB-4FD8-4F79-8437-4C292C26DF41}.Debug|x86.ActiveCfg = Debug|Any CPU
		{98FDBEBB-4FD8-4F79-8437-4C292C26DF41}.Debug|x86.Build.0 = Debug|Any CPU
		{98FDBEBB-4FD8-4F79-8437-4C292C26DF41}.Release|Any CPU.ActiveCfg = Release|Any CPU
		{98FDBEBB-4FD8-4F79-8437-4C292C26DF41}.Release|Any CPU.Build.0 = Release|Any CPU
		{98FDBEBB-4FD8-4F79-8437-4C292C26DF41}.Release|x64.ActiveCfg = Release|Any CPU
		{98FDBEBB-4FD8-4F79-8437-4C292C26DF41}.Release|x64.Build.0 = Release|Any CPU
		{98FDBEBB-4FD8-4F79-8437-4C292C26DF41}.Release|x86.ActiveCfg = Release|Any CPU
		{98FDBEBB-4FD8-4F79-8437-4C292C26DF41}.Release|x86.Build.0 = Release|Any CPU
		{D253DCEE-F287-4147-AF05-AF9BD5FBE84A}.Debug|Any CPU.ActiveCfg = Debug|Any CPU
		{D253DCEE-F287-4147-AF05-AF9BD5FBE84A}.Debug|Any CPU.Build.0 = Debug|Any CPU
		{D253DCEE-F287-4147-AF05-AF9BD5FBE84A}.Debug|x64.ActiveCfg = Debug|Any CPU
		{D253DCEE-F287-4147-AF05-AF9BD5FBE84A}.Debug|x64.Build.0 = Debug|Any CPU
		{D253DCEE-F287-4147-AF05-AF9BD5FBE84A}.Debug|x86.ActiveCfg = Debug|Any CPU
		{D253DCEE-F287-4147-AF05-AF9BD5FBE84A}.Debug|x86.Build.0 = Debug|Any CPU
		{D253DCEE-F287-4147-AF05-AF9BD5FBE84A}.Release|Any CPU.ActiveCfg = Release|Any CPU
		{D253DCEE-F287-4147-AF05-AF9BD5FBE84A}.Release|Any CPU.Build.0 = Release|Any CPU
		{D253DCEE-F287-4147-AF05-AF9BD5FBE84A}.Release|x64.ActiveCfg = Release|Any CPU
		{D253DCEE-F287-4147-AF05-AF9BD5FBE84A}.Release|x64.Build.0 = Release|Any CPU
		{D253DCEE-F287-4147-AF05-AF9BD5FBE84A}.Release|x86.ActiveCfg = Release|Any CPU
		{D253DCEE-F287-4147-AF05-AF9BD5FBE84A}.Release|x86.Build.0 = Release|Any CPU
	EndGlobalSection
EndGlobal
